
Microsoft Visual Studio Solution File, Format Version 12.00
# Visual Studio Version 16
VisualStudioVersion = 16.0.28803.156
MinimumVisualStudioVersion = 10.0.40219.1
Project("{9A19103F-16F7-4668-BE54-9A1E7A4F7556}") = "AWSLambdaFakeUser", "AWSLambdaFakeUser\AWSLambdaFakeUser.csproj", "{0141C288-DAD7-43B9-B78D-12057FFBE271}"
EndProject
Project("{9A19103F-16F7-4668-BE54-9A1E7A4F7556}") = "AWSLambdaFakeUser.Tests", "AWSLambdaFakeUser.Tests\AWSLambdaFakeUser.Tests.csproj", "{41F5723C-9F9E-4667-B9B0-686901CBA2FF}"
EndProject
Global
	GlobalSection(SolutionConfigurationPlatforms) = preSolution
		Debug|Any CPU = Debug|Any CPU
		Release|Any CPU = Release|Any CPU
	EndGlobalSection
	GlobalSection(ProjectConfigurationPlatforms) = postSolution
		{0141C288-DAD7-43B9-B78D-12057FFBE271}.Debug|Any CPU.ActiveCfg = Debug|Any CPU
		{0141C288-DAD7-43B9-B78D-12057FFBE271}.Debug|Any CPU.Build.0 = Debug|Any CPU
		{0141C288-DAD7-43B9-B78D-12057FFBE271}.Release|Any CPU.ActiveCfg = Release|Any CPU
		{0141C288-DAD7-43B9-B78D-12057FFBE271}.Release|Any CPU.Build.0 = Release|Any CPU
		{41F5723C-9F9E-4667-B9B0-686901CBA2FF}.Debug|Any CPU.ActiveCfg = Debug|Any CPU
		{41F5723C-9F9E-4667-B9B0-686901CBA2FF}.Debug|Any CPU.Build.0 = Debug|Any CPU
		{41F5723C-9F9E-4667-B9B0-686901CBA2FF}.Release|Any CPU.ActiveCfg = Release|Any CPU
		{41F5723C-9F9E-4667-B9B0-686901CBA2FF}.Release|Any CPU.Build.0 = Release|Any CPU
	EndGlobalSection
	GlobalSection(SolutionProperties) = preSolution
		HideSolutionNode = FALSE
	EndGlobalSection
	GlobalSection(ExtensibilityGlobals) = postSolution
		SolutionGuid = {0DCB2392-C580-472A-86E4-54B4D4EB0271}
	EndGlobalSection
EndGlobal
